// !$*UTF8*$!
{
	archiveVersion = 1;
	classes = {
	};
	objectVersion = 46;
	objects = {

/* Begin PBXBuildFile section */
		A1CCC8791A074EC900D79355 /* main.cpp in Sources */ = {isa = PBXBuildFile; fileRef = A1CCC8781A074EC900D79355 /* main.cpp */; };
		A1CCC87C1A07507F00D79355 /* cluster_comp_base.cpp in Sources */ = {isa = PBXBuildFile; fileRef = A1CCC87A1A07507F00D79355 /* cluster_comp_base.cpp */; };
/* End PBXBuildFile section */

/* Begin PBXCopyFilesBuildPhase section */
		A1CCC8681A074E2E00D79355 /* CopyFiles */ = {
			isa = PBXCopyFilesBuildPhase;
			buildActionMask = 2147483647;
			dstPath = /usr/share/man/man1/;
			dstSubfolderSpec = 0;
			files = (
			);
			runOnlyForDeploymentPostprocessing = 1;
		};
/* End PBXCopyFilesBuildPhase section */

/* Begin PBXFileReference section */
		A1CCC86A1A074E2E00D79355 /* CompareCommunity */ = {isa = PBXFileReference; explicitFileType = "compiled.mach-o.executable"; includeInIndex = 0; path = CompareCommunity; sourceTree = BUILT_PRODUCTS_DIR; };
		A1CCC8781A074EC900D79355 /* main.cpp */ = {isa = PBXFileReference; fileEncoding = 4; lastKnownFileType = sourcecode.cpp.cpp; name = main.cpp; path = ../main.cpp; sourceTree = "<group>"; };
		A1CCC87A1A07507F00D79355 /* cluster_comp_base.cpp */ = {isa = PBXFileReference; fileEncoding = 4; lastKnownFileType = sourcecode.cpp.cpp; name = cluster_comp_base.cpp; path = ../cluster_comp_base.cpp; sourceTree = "<group>"; };
		A1CCC87B1A07507F00D79355 /* cluster_comp_base.h */ = {isa = PBXFileReference; fileEncoding = 4; lastKnownFileType = sourcecode.c.h; name = cluster_comp_base.h; path = ../cluster_comp_base.h; sourceTree = "<group>"; };
/* End PBXFileReference section */

/* Begin PBXFrameworksBuildPhase section */
		A1CCC8671A074E2E00D79355 /* Frameworks */ = {
			isa = PBXFrameworksBuildPhase;
			buildActionMask = 2147483647;
			files = (
			);
			runOnlyForDeploymentPostprocessing = 0;
		};
/* End PBXFrameworksBuildPhase section */

/* Begin PBXGroup section */
		A1CCC8611A074E2E00D79355 = {
			isa = PBXGroup;
			children = (
				A1CCC87A1A07507F00D79355 /* cluster_comp_base.cpp */,
				A1CCC87B1A07507F00D79355 /* cluster_comp_base.h */,
				A1CCC8781A074EC900D79355 /* main.cpp */,
				A1CCC86B1A074E2E00D79355 /* Products */,
			);
			sourceTree = "<group>";
		};
		A1CCC86B1A074E2E00D79355 /* Products */ = {
			isa = PBXGroup;
			children = (
				A1CCC86A1A074E2E00D79355 /* CompareCommunity */,
			);
			name = Products;
			sourceTree = "<group>";
		};
/* End PBXGroup section */

/* Begin PBXNativeTarget section */
		A1CCC8691A074E2E00D79355 /* CompareCommunity */ = {
			isa = PBXNativeTarget;
			buildConfigurationList = A1CCC8711A074E2E00D79355 /* Build configuration list for PBXNativeTarget "CompareCommunity" */;
			buildPhases = (
				A1CCC8661A074E2E00D79355 /* Sources */,
				A1CCC8671A074E2E00D79355 /* Frameworks */,
				A1CCC8681A074E2E00D79355 /* CopyFiles */,
			);
			buildRules = (
			);
			dependencies = (
			);
			name = CompareCommunity;
			productName = CompareCommunity;
			productReference = A1CCC86A1A074E2E00D79355 /* CompareCommunity */;
			productType = "com.apple.product-type.tool";
		};
/* End PBXNativeTarget section */

/* Begin PBXProject section */
		A1CCC8621A074E2E00D79355 /* Project object */ = {
			isa = PBXProject;
			attributes = {
				LastUpgradeCheck = 0610;
				ORGANIZATIONNAME = Yuan;
				TargetAttributes = {
					A1CCC8691A074E2E00D79355 = {
						CreatedOnToolsVersion = 6.1;
					};
				};
			};
			buildConfigurationList = A1CCC8651A074E2E00D79355 /* Build configuration list for PBXProject "CompareCommunity" */;
			compatibilityVersion = "Xcode 3.2";
			developmentRegion = English;
			hasScannedForEncodings = 0;
			knownRegions = (
				en,
			);
			mainGroup = A1CCC8611A074E2E00D79355;
			productRefGroup = A1CCC86B1A074E2E00D79355 /* Products */;
			projectDirPath = "";
			projectRoot = "";
			targets = (
				A1CCC8691A074E2E00D79355 /* CompareCommunity */,
			);
		};
/* End PBXProject section */

/* Begin PBXSourcesBuildPhase section */
		A1CCC8661A074E2E00D79355 /* Sources */ = {
			isa = PBXSourcesBuildPhase;
			buildActionMask = 2147483647;
			files = (
				A1CCC87C1A07507F00D79355 /* cluster_comp_base.cpp in Sources */,
				A1CCC8791A074EC900D79355 /* main.cpp in Sources */,
			);
			runOnlyForDeploymentPostprocessing = 0;
		};
/* End PBXSourcesBuildPhase section */

/* Begin XCBuildConfiguration section */
		A1CCC86F1A074E2E00D79355 /* Debug */ = {
			isa = XCBuildConfiguration;
			buildSettings = {
				ALWAYS_SEARCH_USER_PATHS = NO;
				CLANG_CXX_LANGUAGE_STANDARD = "gnu++0x";
				CLANG_CXX_LIBRARY = "libc++";
				CLANG_ENABLE_MODULES = YES;
				CLANG_ENABLE_OBJC_ARC = YES;
				CLANG_WARN_BOOL_CONVERSION = YES;
				CLANG_WARN_CONSTANT_CONVERSION = YES;
				CLANG_WARN_DIRECT_OBJC_ISA_USAGE = YES_ERROR;
				CLANG_WARN_EMPTY_BODY = YES;
				CLANG_WARN_ENUM_CONVERSION = YES;
				CLANG_WARN_INT_CONVERSION = YES;
				CLANG_WARN_OBJC_ROOT_CLASS = YES_ERROR;
				CLANG_WARN_UNREACHABLE_CODE = YES;
				CLANG_WARN__DUPLICATE_METHOD_MATCH = YES;
				COPY_PHASE_STRIP = NO;
				ENABLE_STRICT_OBJC_MSGSEND = YES;
				GCC_C_LANGUAGE_STANDARD = gnu99;
				GCC_DYNAMIC_NO_PIC = NO;
				GCC_OPTIMIZATION_LEVEL = 0;
				GCC_PREPROCESSOR_DEFINITIONS = (
					"DEBUG=1",
					"$(inherited)",
				);
				GCC_SYMBOLS_PRIVATE_EXTERN = NO;
				GCC_WARN_64_TO_32_BIT_CONVERSION = YES;
				GCC_WARN_ABOUT_RETURN_TYPE = YES_ERROR;
				GCC_WARN_UNDECLARED_SELECTOR = YES;
				GCC_WARN_UNINITIALIZED_AUTOS = YES_AGGRESSIVE;
				GCC_WARN_UNUSED_FUNCTION = YES;
				GCC_WARN_UNUSED_VARIABLE = YES;
				HEADER_SEARCH_PATHS = (
					"$(inherited)",
					/Applications/Xcode.app/Contents/Developer/Toolchains/XcodeDefault.xctoolchain/usr/include,
					/Users/andy/Developer/boost_1_54_0,
				);
				MACOSX_DEPLOYMENT_TARGET = 10.9;
				MTL_ENABLE_DEBUG_INFO = YES;
				ONLY_ACTIVE_ARCH = YES;
				SDKROOT = macosx;
			};
			name = Debug;
		};
		A1CCC8701A074E2E00D79355 /* Release */ = {
			isa = XCBuildConfiguration;
			buildSettings = {
				ALWAYS_SEARCH_USER_PATHS = NO;
				CLANG_CXX_LANGUAGE_STANDARD = "gnu++0x";
				CLANG_CXX_LIBRARY = "libc++";
				CLANG_ENABLE_MODULES = YES;
				CLANG_ENABLE_OBJC_ARC = YES;
				CLANG_WARN_BOOL_CONVERSION = YES;
				CLANG_WARN_CONSTANT_CONVERSION = YES;
				CLANG_WARN_DIRECT_OBJC_ISA_USAGE = YES_ERROR;
				CLANG_WARN_EMPTY_BODY = YES;
				CLANG_WARN_ENUM_CONVERSION = YES;
				CLANG_WARN_INT_CONVERSION = YES;
				CLANG_WARN_OBJC_ROOT_CLASS = YES_ERROR;
				CLANG_WARN_UNREACHABLE_CODE = YES;
				CLANG_WARN__DUPLICATE_METHOD_MATCH = YES;
				COPY_PHASE_STRIP = YES;
				DEBUG_INFORMATION_FORMAT = "dwarf-with-dsym";
				ENABLE_NS_ASSERTIONS = NO;
				ENABLE_STRICT_OBJC_MSGSEND = YES;
				GCC_C_LANGUAGE_STANDARD = gnu99;
				GCC_WARN_64_TO_32_BIT_CONVERSION = YES;
				GCC_WARN_ABOUT_RETURN_TYPE = YES_ERROR;
				GCC_WARN_UNDECLARED_SELECTOR = YES;
				GCC_WARN_UNINITIALIZED_AUTOS = YES_AGGRESSIVE;
				GCC_WARN_UNUSED_FUNCTION = YES;
				GCC_WARN_UNUSED_VARIABLE = YES;
				HEADER_SEARCH_PATHS = (
					"$(inherited)",
					/Applications/Xcode.app/Contents/Developer/Toolchains/XcodeDefault.xctoolchain/usr/include,
					/Users/andy/Developer/boost_1_54_0,
				);
				MACOSX_DEPLOYMENT_TARGET = 10.9;
				MTL_ENABLE_DEBUG_INFO = NO;
				SDKROOT = macosx;
			};
			name = Release;
		};
		A1CCC8721A074E2E00D79355 /* Debug */ = {
			isa = XCBuildConfiguration;
			buildSettings = {
				PRODUCT_NAME = "$(TARGET_NAME)";
			};
			name = Debug;
		};
		A1CCC8731A074E2E00D79355 /* Release */ = {
			isa = XCBuildConfiguration;
			buildSettings = {
				PRODUCT_NAME = "$(TARGET_NAME)";
			};
			name = Release;
		};
/* End XCBuildConfiguration section */

/* Begin XCConfigurationList section */
		A1CCC8651A074E2E00D79355 /* Build configuration list for PBXProject "CompareCommunity" */ = {
			isa = XCConfigurationList;
			buildConfigurations = (
				A1CCC86F1A074E2E00D79355 /* Debug */,
				A1CCC8701A074E2E00D79355 /* Release */,
			);
			defaultConfigurationIsVisible = 0;
			defaultConfigurationName = Release;
		};
		A1CCC8711A074E2E00D79355 /* Build configuration list for PBXNativeTarget "CompareCommunity" */ = {
			isa = XCConfigurationList;
			buildConfigurations = (
				A1CCC8721A074E2E00D79355 /* Debug */,
				A1CCC8731A074E2E00D79355 /* Release */,
			);
			defaultConfigurationIsVisible = 0;
			defaultConfigurationName = Release;
		};
/* End XCConfigurationList section */
	};
	rootObject = A1CCC8621A074E2E00D79355 /* Project object */;
}
